
Microsoft Visual Studio Solution File, Format Version 12.00
# Visual Studio Version 17
VisualStudioVersion = 17.7.34024.191
MinimumVisualStudioVersion = 10.0.40219.1
Project("{8BC9CEB8-8B4A-11D0-8D11-00A0C91BC942}") = "01", "ConsoleApplication1\ConsoleApplication1.vcxproj", "{96F29707-559F-4BA7-89EC-FC18B27B961F}"
EndProject
Project("{8BC9CEB8-8B4A-11D0-8D11-00A0C91BC942}") = "02", "02\02.vcxproj", "{EE2EF95E-E85D-4DC4-B331-9EDC30ABD504}"
EndProject
Project("{8BC9CEB8-8B4A-11D0-8D11-00A0C91BC942}") = "03", "03\03.vcxproj", "{22715625-9B68-45A4-B55A-941234EC00CC}"
EndProject
Project("{8BC9CEB8-8B4A-11D0-8D11-00A0C91BC942}") = "05", "05\05.vcxproj", "{F04E925E-DDBF-42D6-8C3A-302B3A3068D5}"
EndProject
Project("{8BC9CEB8-8B4A-11D0-8D11-00A0C91BC942}") = "06", "06\06.vcxproj", "{84EA3899-3A45-4770-83B7-878E9A9C9054}"
EndProject
Project("{8BC9CEB8-8B4A-11D0-8D11-00A0C91BC942}") = "07", "07\07.vcxproj", "{01CD298E-BAB5-4B95-8A67-FB8562201CDF}"
EndProject
Project("{8BC9CEB8-8B4A-11D0-8D11-00A0C91BC942}") = "08", "08\08.vcxproj", "{7249E791-3B04-464A-8585-BD2CE5240988}"
EndProject
Project("{8BC9CEB8-8B4A-11D0-8D11-00A0C91BC942}") = "14", "14\14.vcxproj", "{49DC271D-03A1-4379-AF0A-FC871AEB83B3}"
EndProject
Project("{8BC9CEB8-8B4A-11D0-8D11-00A0C91BC942}") = "17", "17\17.vcxproj", "{E1218D95-8807-4807-9064-0BF46ADC3FE6}"
EndProject
Project("{8BC9CEB8-8B4A-11D0-8D11-00A0C91BC942}") = "18", "18\18.vcxproj", "{5E06BB94-5226-4BDA-AA33-274070FEF32C}"
EndProject
Project("{8BC9CEB8-8B4A-11D0-8D11-00A0C91BC942}") = "19", "19\19.vcxproj", "{4CF5854E-C4EF-46C7-A391-4124F9D7BEAA}"
EndProject
Project("{8BC9CEB8-8B4A-11D0-8D11-00A0C91BC942}") = "20", "20\20.vcxproj", "{1A7576A9-2B48-449B-8946-D1E0B15A4DF0}"
EndProject
Project("{8BC9CEB8-8B4A-11D0-8D11-00A0C91BC942}") = "29", "29\29.vcxproj", "{2E62E478-A09E-4BF8-946F-E712F8E46EF6}"
EndProject
Global
	GlobalSection(SolutionConfigurationPlatforms) = preSolution
		Debug|x64 = Debug|x64
		Debug|x86 = Debug|x86
		Release|x64 = Release|x64
		Release|x86 = Release|x86
	EndGlobalSection
	GlobalSection(ProjectConfigurationPlatforms) = postSolution
		{96F29707-559F-4BA7-89EC-FC18B27B961F}.Debug|x64.ActiveCfg = Debug|x64
		{96F29707-559F-4BA7-89EC-FC18B27B961F}.Debug|x64.Build.0 = Debug|x64
		{96F29707-559F-4BA7-89EC-FC18B27B961F}.Debug|x86.ActiveCfg = Debug|Win32
		{96F29707-559F-4BA7-89EC-FC18B27B961F}.Debug|x86.Build.0 = Debug|Win32
		{96F29707-559F-4BA7-89EC-FC18B27B961F}.Release|x64.ActiveCfg = Release|x64
		{96F29707-559F-4BA7-89EC-FC18B27B961F}.Release|x64.Build.0 = Release|x64
		{96F29707-559F-4BA7-89EC-FC18B27B961F}.Release|x86.ActiveCfg = Release|Win32
		{96F29707-559F-4BA7-89EC-FC18B27B961F}.Release|x86.Build.0 = Release|Win32
		{EE2EF95E-E85D-4DC4-B331-9EDC30ABD504}.Debug|x64.ActiveCfg = Debug|x64
		{EE2EF95E-E85D-4DC4-B331-9EDC30ABD504}.Debug|x64.Build.0 = Debug|x64
		{EE2EF95E-E85D-4DC4-B331-9EDC30ABD504}.Debug|x86.ActiveCfg = Debug|Win32
		{EE2EF95E-E85D-4DC4-B331-9EDC30ABD504}.Debug|x86.Build.0 = Debug|Win32
		{EE2EF95E-E85D-4DC4-B331-9EDC30ABD504}.Release|x64.ActiveCfg = Release|x64
		{EE2EF95E-E85D-4DC4-B331-9EDC30ABD504}.Release|x64.Build.0 = Release|x64
		{EE2EF95E-E85D-4DC4-B331-9EDC30ABD504}.Release|x86.ActiveCfg = Release|Win32
		{EE2EF95E-E85D-4DC4-B331-9EDC30ABD504}.Release|x86.Build.0 = Release|Win32
		{22715625-9B68-45A4-B55A-941234EC00CC}.Debug|x64.ActiveCfg = Debug|x64
		{22715625-9B68-45A4-B55A-941234EC00CC}.Debug|x64.Build.0 = Debug|x64
		{22715625-9B68-45A4-B55A-941234EC00CC}.Debug|x86.ActiveCfg = Debug|Win32
		{22715625-9B68-45A4-B55A-941234EC00CC}.Debug|x86.Build.0 = Debug|Win32
		{22715625-9B68-45A4-B55A-941234EC00CC}.Release|x64.ActiveCfg = Release|x64
		{22715625-9B68-45A4-B55A-941234EC00CC}.Release|x64.Build.0 = Release|x64
		{22715625-9B68-45A4-B55A-941234EC00CC}.Release|x86.ActiveCfg = Release|Win32
		{22715625-9B68-45A4-B55A-941234EC00CC}.Release|x86.Build.0 = Release|Win32
		{F04E925E-DDBF-42D6-8C3A-302B3A3068D5}.Debug|x64.ActiveCfg = Debug|x64
		{F04E925E-DDBF-42D6-8C3A-302B3A3068D5}.Debug|x64.Build.0 = Debug|x64
		{F04E925E-DDBF-42D6-8C3A-302B3A3068D5}.Debug|x86.ActiveCfg = Debug|Win32
		{F04E925E-DDBF-42D6-8C3A-302B3A3068D5}.Debug|x86.Build.0 = Debug|Win32
		{F04E925E-DDBF-42D6-8C3A-302B3A3068D5}.Release|x64.ActiveCfg = Release|x64
		{F04E925E-DDBF-42D6-8C3A-302B3A3068D5}.Release|x64.Build.0 = Release|x64
		{F04E925E-DDBF-42D6-8C3A-302B3A3068D5}.Release|x86.ActiveCfg = Release|Win32
		{F04E925E-DDBF-42D6-8C3A-302B3A3068D5}.Release|x86.Build.0 = Release|Win32
		{84EA3899-3A45-4770-83B7-878E9A9C9054}.Debug|x64.ActiveCfg = Debug|x64
		{84EA3899-3A45-4770-83B7-878E9A9C9054}.Debug|x64.Build.0 = Debug|x64
		{84EA3899-3A45-4770-83B7-878E9A9C9054}.Debug|x86.ActiveCfg = Debug|Win32
		{84EA3899-3A45-4770-83B7-878E9A9C9054}.Debug|x86.Build.0 = Debug|Win32
		{84EA3899-3A45-4770-83B7-878E9A9C9054}.Release|x64.ActiveCfg = Release|x64
		{84EA3899-3A45-4770-83B7-878E9A9C9054}.Release|x64.Build.0 = Release|x64
		{84EA3899-3A45-4770-83B7-878E9A9C9054}.Release|x86.ActiveCfg = Release|Win32
		{84EA3899-3A45-4770-83B7-878E9A9C9054}.Release|x86.Build.0 = Release|Win32
		{01CD298E-BAB5-4B95-8A67-FB8562201CDF}.Debug|x64.ActiveCfg = Debug|x64
		{01CD298E-BAB5-4B95-8A67-FB8562201CDF}.Debug|x64.Build.0 = Debug|x64
		{01CD298E-BAB5-4B95-8A67-FB8562201CDF}.Debug|x86.ActiveCfg = Debug|Win32
		{01CD298E-BAB5-4B95-8A67-FB8562201CDF}.Debug|x86.Build.0 = Debug|Win32
		{01CD298E-BAB5-4B95-8A67-FB8562201CDF}.Release|x64.ActiveCfg = Release|x64
		{01CD298E-BAB5-4B95-8A67-FB8562201CDF}.Release|x64.Build.0 = Release|x64
		{01CD298E-BAB5-4B95-8A67-FB8562201CDF}.Release|x86.ActiveCfg = Release|Win32
		{01CD298E-BAB5-4B95-8A67-FB8562201CDF}.Release|x86.Build.0 = Release|Win32
		{7249E791-3B04-464A-8585-BD2CE5240988}.Debug|x64.ActiveCfg = Debug|x64
		{7249E791-3B04-464A-8585-BD2CE5240988}.Debug|x64.Build.0 = Debug|x64
		{7249E791-3B04-464A-8585-BD2CE5240988}.Debug|x86.ActiveCfg = Debug|Win32
		{7249E791-3B04-464A-8585-BD2CE5240988}.Debug|x86.Build.0 = Debug|Win32
		{7249E791-3B04-464A-8585-BD2CE5240988}.Release|x64.ActiveCfg = Release|x64
		{7249E791-3B04-464A-8585-BD2CE5240988}.Release|x64.Build.0 = Release|x64
		{7249E791-3B04-464A-8585-BD2CE5240988}.Release|x86.ActiveCfg = Release|Win32
		{7249E791-3B04-464A-8585-BD2CE5240988}.Release|x86.Build.0 = Release|Win32
		{49DC271D-03A1-4379-AF0A-FC871AEB83B3}.Debug|x64.ActiveCfg = Debug|x64
		{49DC271D-03A1-4379-AF0A-FC871AEB83B3}.Debug|x64.Build.0 = Debug|x64
		{49DC271D-03A1-4379-AF0A-FC871AEB83B3}.Debug|x86.ActiveCfg = Debug|Win32
		{49DC271D-03A1-4379-AF0A-FC871AEB83B3}.Debug|x86.Build.0 = Debug|Win32
		{49DC271D-03A1-4379-AF0A-FC871AEB83B3}.Release|x64.ActiveCfg = Release|x64
		{49DC271D-03A1-4379-AF0A-FC871AEB83B3}.Release|x64.Build.0 = Release|x64
		{49DC271D-03A1-4379-AF0A-FC871AEB83B3}.Release|x86.ActiveCfg = Release|Win32
		{49DC271D-03A1-4379-AF0A-FC871AEB83B3}.Release|x86.Build.0 = Release|Win32
		{E1218D95-8807-4807-9064-0BF46ADC3FE6}.Debug|x64.ActiveCfg = Debug|x64
		{E1218D95-8807-4807-9064-0BF46ADC3FE6}.Debug|x64.Build.0 = Debug|x64
		{E1218D95-8807-4807-9064-0BF46ADC3FE6}.Debug|x86.ActiveCfg = Debug|Win32
		{E1218D95-8807-4807-9064-0BF46ADC3FE6}.Debug|x86.Build.0 = Debug|Win32
		{E1218D95-8807-4807-9064-0BF46ADC3FE6}.Release|x64.ActiveCfg = Release|x64
		{E1218D95-8807-4807-9064-0BF46ADC3FE6}.Release|x64.Build.0 = Release|x64
		{E1218D95-8807-4807-9064-0BF46ADC3FE6}.Release|x86.ActiveCfg = Release|Win32
		{E1218D95-8807-4807-9064-0BF46ADC3FE6}.Release|x86.Build.0 = Release|Win32
		{5E06BB94-5226-4BDA-AA33-274070FEF32C}.Debug|x64.ActiveCfg = Debug|x64
		{5E06BB94-5226-4BDA-AA33-274070FEF32C}.Debug|x64.Build.0 = Debug|x64
		{5E06BB94-5226-4BDA-AA33-274070FEF32C}.Debug|x86.ActiveCfg = Debug|Win32
		{5E06BB94-5226-4BDA-AA33-274070FEF32C}.Debug|x86.Build.0 = Debug|Win32
		{5E06BB94-5226-4BDA-AA33-274070FEF32C}.Release|x64.ActiveCfg = Release|x64
		{5E06BB94-5226-4BDA-AA33-274070FEF32C}.Release|x64.Build.0 = Release|x64
		{5E06BB94-5226-4BDA-AA33-274070FEF32C}.Release|x86.ActiveCfg = Release|Win32
		{5E06BB94-5226-4BDA-AA33-274070FEF32C}.Release|x86.Build.0 = Release|Win32
		{4CF5854E-C4EF-46C7-A391-4124F9D7BEAA}.Debug|x64.ActiveCfg = Debug|x64
		{4CF5854E-C4EF-46C7-A391-4124F9D7BEAA}.Debug|x64.Build.0 = Debug|x64
		{4CF5854E-C4EF-46C7-A391-4124F9D7BEAA}.Debug|x86.ActiveCfg = Debug|Win32
		{4CF5854E-C4EF-46C7-A391-4124F9D7BEAA}.Debug|x86.Build.0 = Debug|Win32
		{4CF5854E-C4EF-46C7-A391-4124F9D7BEAA}.Release|x64.ActiveCfg = Release|x64
		{4CF5854E-C4EF-46C7-A391-4124F9D7BEAA}.Release|x64.Build.0 = Release|x64
		{4CF5854E-C4EF-46C7-A391-4124F9D7BEAA}.Release|x86.ActiveCfg = Release|Win32
		{4CF5854E-C4EF-46C7-A391-4124F9D7BEAA}.Release|x86.Build.0 = Release|Win32
		{1A7576A9-2B48-449B-8946-D1E0B15A4DF0}.Debug|x64.ActiveCfg = Debug|x64
		{1A7576A9-2B48-449B-8946-D1E0B15A4DF0}.Debug|x64.Build.0 = Debug|x64
		{1A7576A9-2B48-449B-8946-D1E0B15A4DF0}.Debug|x86.ActiveCfg = Debug|Win32
		{1A7576A9-2B48-449B-8946-D1E0B15A4DF0}.Debug|x86.Build.0 = Debug|Win32
		{1A7576A9-2B48-449B-8946-D1E0B15A4DF0}.Release|x64.ActiveCfg = Release|x64
		{1A7576A9-2B48-449B-8946-D1E0B15A4DF0}.Release|x64.Build.0 = Release|x64
		{1A7576A9-2B48-449B-8946-D1E0B15A4DF0}.Release|x86.ActiveCfg = Release|Win32
		{1A7576A9-2B48-449B-8946-D1E0B15A4DF0}.Release|x86.Build.0 = Release|Win32
		{2E62E478-A09E-4BF8-946F-E712F8E46EF6}.Debug|x64.ActiveCfg = Debug|x64
		{2E62E478-A09E-4BF8-946F-E712F8E46EF6}.Debug|x64.Build.0 = Debug|x64
		{2E62E478-A09E-4BF8-946F-E712F8E46EF6}.Debug|x86.ActiveCfg = Debug|Win32
		{2E62E478-A09E-4BF8-946F-E712F8E46EF6}.Debug|x86.Build.0 = Debug|Win32
		{2E62E478-A09E-4BF8-946F-E712F8E46EF6}.Release|x64.ActiveCfg = Release|x64
		{2E62E478-A09E-4BF8-946F-E712F8E46EF6}.Release|x64.Build.0 = Release|x64
		{2E62E478-A09E-4BF8-946F-E712F8E46EF6}.Release|x86.ActiveCfg = Release|Win32
		{2E62E478-A09E-4BF8-946F-E712F8E46EF6}.Release|x86.Build.0 = Release|Win32
	EndGlobalSection
	GlobalSection(SolutionProperties) = preSolution
		HideSolutionNode = FALSE
	EndGlobalSection
	GlobalSection(ExtensibilityGlobals) = postSolution
		SolutionGuid = {D90B2166-3CEC-497D-9852-437C029DFCBC}
	EndGlobalSection
EndGlobal
